
Microsoft Visual Studio Solution File, Format Version 12.00
# Visual Studio Version 17
VisualStudioVersion = 17.12.35410.144
MinimumVisualStudioVersion = 10.0.40219.1
Project("{FAE04EC0-301F-11D3-BF4B-00C04F79EFBC}") = "Entry", "Src\Entry\Entry.csproj", "{956C344F-D951-4676-A07E-10A75ACDB433}"
EndProject
Project("{FAE04EC0-301F-11D3-BF4B-00C04F79EFBC}") = "OpenHarmony.Sdk", "OpenHarmony.Net\OpenHarmony.Sdk\OpenHarmony.Sdk.csproj", "{F3F81658-A7D7-47B5-9D02-8200193FE40E}"
EndProject
Project("{FAE04EC0-301F-11D3-BF4B-00C04F79EFBC}") = "Avalonia.OpenHarmony", "Src\Avalonia.OpenHarmony\Avalonia.OpenHarmony.csproj", "{CC9E4CDF-637E-43FC-999C-5717F97CFE43}"
EndProject
Project("{2150E333-8FDC-42A3-9474-1A3956D46DE8}") = "Example", "Example", "{F1FEDF1B-E967-4070-B986-C11E9D6D6C61}"
EndProject
Project("{FAE04EC0-301F-11D3-BF4B-00C04F79EFBC}") = "AvaloniaExample", "Src\Example\AvaloniaExample\AvaloniaExample\AvaloniaExample.csproj", "{32CF34B5-F75A-4A00-A730-90140C0A792D}"
EndProject
Project("{FAE04EC0-301F-11D3-BF4B-00C04F79EFBC}") = "AvaloniaExample.Android", "Src\Example\AvaloniaExample\AvaloniaExample.Android\AvaloniaExample.Android.csproj", "{4E3C9504-059B-4A8B-9325-9F04F144F2CA}"
EndProject
Project("{FAE04EC0-301F-11D3-BF4B-00C04F79EFBC}") = "AvaloniaExample.Desktop", "Src\Example\AvaloniaExample\AvaloniaExample.Desktop\AvaloniaExample.Desktop.csproj", "{D1AC0C3E-A28F-4604-9B04-74101768F712}"
EndProject
Project("{FAE04EC0-301F-11D3-BF4B-00C04F79EFBC}") = "AvaloniaExample.iOS", "Src\Example\AvaloniaExample\AvaloniaExample.iOS\AvaloniaExample.iOS.csproj", "{1AE54C16-B711-4AD7-80B3-501CB6B0CB36}"
EndProject
Project("{FAE04EC0-301F-11D3-BF4B-00C04F79EFBC}") = "AvaloniaExample.Browser", "Src\Example\AvaloniaExample\AvaloniaExample.Browser\AvaloniaExample.Browser.csproj", "{BFF1476E-893E-444A-938A-6BBD1AE4D581}"
EndProject
Global
	GlobalSection(SolutionConfigurationPlatforms) = preSolution
		Debug|Any CPU = Debug|Any CPU
		Release|Any CPU = Release|Any CPU
	EndGlobalSection
	GlobalSection(ProjectConfigurationPlatforms) = postSolution
		{956C344F-D951-4676-A07E-10A75ACDB433}.Debug|Any CPU.ActiveCfg = Debug|Any CPU
		{956C344F-D951-4676-A07E-10A75ACDB433}.Debug|Any CPU.Build.0 = Debug|Any CPU
		{956C344F-D951-4676-A07E-10A75ACDB433}.Release|Any CPU.ActiveCfg = Release|Any CPU
		{956C344F-D951-4676-A07E-10A75ACDB433}.Release|Any CPU.Build.0 = Release|Any CPU
		{F3F81658-A7D7-47B5-9D02-8200193FE40E}.Debug|Any CPU.ActiveCfg = Debug|Any CPU
		{F3F81658-A7D7-47B5-9D02-8200193FE40E}.Debug|Any CPU.Build.0 = Debug|Any CPU
		{F3F81658-A7D7-47B5-9D02-8200193FE40E}.Release|Any CPU.ActiveCfg = Release|Any CPU
		{F3F81658-A7D7-47B5-9D02-8200193FE40E}.Release|Any CPU.Build.0 = Release|Any CPU
		{CC9E4CDF-637E-43FC-999C-5717F97CFE43}.Debug|Any CPU.ActiveCfg = Debug|Any CPU
		{CC9E4CDF-637E-43FC-999C-5717F97CFE43}.Debug|Any CPU.Build.0 = Debug|Any CPU
		{CC9E4CDF-637E-43FC-999C-5717F97CFE43}.Release|Any CPU.ActiveCfg = Release|Any CPU
		{CC9E4CDF-637E-43FC-999C-5717F97CFE43}.Release|Any CPU.Build.0 = Release|Any CPU
		{32CF34B5-F75A-4A00-A730-90140C0A792D}.Debug|Any CPU.ActiveCfg = Debug|Any CPU
		{32CF34B5-F75A-4A00-A730-90140C0A792D}.Debug|Any CPU.Build.0 = Debug|Any CPU
		{32CF34B5-F75A-4A00-A730-90140C0A792D}.Release|Any CPU.ActiveCfg = Release|Any CPU
		{32CF34B5-F75A-4A00-A730-90140C0A792D}.Release|Any CPU.Build.0 = Release|Any CPU
		{4E3C9504-059B-4A8B-9325-9F04F144F2CA}.Debug|Any CPU.ActiveCfg = Debug|Any CPU
		{4E3C9504-059B-4A8B-9325-9F04F144F2CA}.Debug|Any CPU.Build.0 = Debug|Any CPU
		{4E3C9504-059B-4A8B-9325-9F04F144F2CA}.Debug|Any CPU.Deploy.0 = Debug|Any CPU
		{4E3C9504-059B-4A8B-9325-9F04F144F2CA}.Release|Any CPU.ActiveCfg = Release|Any CPU
		{4E3C9504-059B-4A8B-9325-9F04F144F2CA}.Release|Any CPU.Build.0 = Release|Any CPU
		{4E3C9504-059B-4A8B-9325-9F04F144F2CA}.Release|Any CPU.Deploy.0 = Release|Any CPU
		{D1AC0C3E-A28F-4604-9B04-74101768F712}.Debug|Any CPU.ActiveCfg = Debug|Any CPU
		{D1AC0C3E-A28F-4604-9B04-74101768F712}.Debug|Any CPU.Build.0 = Debug|Any CPU
		{D1AC0C3E-A28F-4604-9B04-74101768F712}.Release|Any CPU.ActiveCfg = Release|Any CPU
		{D1AC0C3E-A28F-4604-9B04-74101768F712}.Release|Any CPU.Build.0 = Release|Any CPU
		{1AE54C16-B711-4AD7-80B3-501CB6B0CB36}.Debug|Any CPU.ActiveCfg = Debug|Any CPU
		{1AE54C16-B711-4AD7-80B3-501CB6B0CB36}.Debug|Any CPU.Build.0 = Debug|Any CPU
		{1AE54C16-B711-4AD7-80B3-501CB6B0CB36}.Debug|Any CPU.Deploy.0 = Debug|Any CPU
		{1AE54C16-B711-4AD7-80B3-501CB6B0CB36}.Release|Any CPU.ActiveCfg = Release|Any CPU
		{1AE54C16-B711-4AD7-80B3-501CB6B0CB36}.Release|Any CPU.Build.0 = Release|Any CPU
		{1AE54C16-B711-4AD7-80B3-501CB6B0CB36}.Release|Any CPU.Deploy.0 = Release|Any CPU
		{BFF1476E-893E-444A-938A-6BBD1AE4D581}.Debug|Any CPU.ActiveCfg = Debug|Any CPU
		{BFF1476E-893E-444A-938A-6BBD1AE4D581}.Debug|Any CPU.Build.0 = Debug|Any CPU
		{BFF1476E-893E-444A-938A-6BBD1AE4D581}.Release|Any CPU.ActiveCfg = Release|Any CPU
		{BFF1476E-893E-444A-938A-6BBD1AE4D581}.Release|Any CPU.Build.0 = Release|Any CPU
	EndGlobalSection
	GlobalSection(SolutionProperties) = preSolution
		HideSolutionNode = FALSE
	EndGlobalSection
	GlobalSection(NestedProjects) = preSolution
		{32CF34B5-F75A-4A00-A730-90140C0A792D} = {F1FEDF1B-E967-4070-B986-C11E9D6D6C61}
		{4E3C9504-059B-4A8B-9325-9F04F144F2CA} = {F1FEDF1B-E967-4070-B986-C11E9D6D6C61}
		{D1AC0C3E-A28F-4604-9B04-74101768F712} = {F1FEDF1B-E967-4070-B986-C11E9D6D6C61}
		{1AE54C16-B711-4AD7-80B3-501CB6B0CB36} = {F1FEDF1B-E967-4070-B986-C11E9D6D6C61}
		{BFF1476E-893E-444A-938A-6BBD1AE4D581} = {F1FEDF1B-E967-4070-B986-C11E9D6D6C61}
	EndGlobalSection
EndGlobal
